// !$*UTF8*$!
{
	archiveVersion = 1;
	classes = {
	};
	objectVersion = 46;
	objects = {

/* Begin PBXBuildFile section */
		BE6371671ADDCD330099B910 /* main.m in Sources */ = {isa = PBXBuildFile; fileRef = BE6371661ADDCD330099B910 /* main.m */; };
		BE63716A1ADDCD330099B910 /* AppDelegate.m in Sources */ = {isa = PBXBuildFile; fileRef = BE6371691ADDCD330099B910 /* AppDelegate.m */; };
		BE63716D1ADDCD330099B910 /* ViewController.m in Sources */ = {isa = PBXBuildFile; fileRef = BE63716C1ADDCD330099B910 /* ViewController.m */; };
		BE6371701ADDCD330099B910 /* Main.storyboard in Resources */ = {isa = PBXBuildFile; fileRef = BE63716E1ADDCD330099B910 /* Main.storyboard */; };
		BE6371721ADDCD330099B910 /* Images.xcassets in Resources */ = {isa = PBXBuildFile; fileRef = BE6371711ADDCD330099B910 /* Images.xcassets */; };
		BE6371751ADDCD330099B910 /* LaunchScreen.xib in Resources */ = {isa = PBXBuildFile; fileRef = BE6371731ADDCD330099B910 /* LaunchScreen.xib */; };
		BE6371811ADDCD330099B910 /* RGPrivateHeadersTests.m in Sources */ = {isa = PBXBuildFile; fileRef = BE6371801ADDCD330099B910 /* RGPrivateHeadersTests.m */; };
/* End PBXBuildFile section */

/* Begin PBXContainerItemProxy section */
		BE63717B1ADDCD330099B910 /* PBXContainerItemProxy */ = {
			isa = PBXContainerItemProxy;
			containerPortal = BE6371591ADDCD330099B910 /* Project object */;
			proxyType = 1;
			remoteGlobalIDString = BE6371601ADDCD330099B910;
			remoteInfo = RGPrivateHeaders;
		};
/* End PBXContainerItemProxy section */

/* Begin PBXFileReference section */
		BE6371611ADDCD330099B910 /* RGPrivateHeaders.app */ = {isa = PBXFileReference; explicitFileType = wrapper.application; includeInIndex = 0; path = RGPrivateHeaders.app; sourceTree = BUILT_PRODUCTS_DIR; };
		BE6371651ADDCD330099B910 /* Info.plist */ = {isa = PBXFileReference; lastKnownFileType = text.plist.xml; path = Info.plist; sourceTree = "<group>"; };
		BE6371661ADDCD330099B910 /* main.m */ = {isa = PBXFileReference; lastKnownFileType = sourcecode.c.objc; path = main.m; sourceTree = "<group>"; };
		BE6371681ADDCD330099B910 /* AppDelegate.h */ = {isa = PBXFileReference; lastKnownFileType = sourcecode.c.h; path = AppDelegate.h; sourceTree = "<group>"; };
		BE6371691ADDCD330099B910 /* AppDelegate.m */ = {isa = PBXFileReference; lastKnownFileType = sourcecode.c.objc; path = AppDelegate.m; sourceTree = "<group>"; };
		BE63716B1ADDCD330099B910 /* ViewController.h */ = {isa = PBXFileReference; lastKnownFileType = sourcecode.c.h; path = ViewController.h; sourceTree = "<group>"; };
		BE63716C1ADDCD330099B910 /* ViewController.m */ = {isa = PBXFileReference; lastKnownFileType = sourcecode.c.objc; path = ViewController.m; sourceTree = "<group>"; };
		BE63716F1ADDCD330099B910 /* Base */ = {isa = PBXFileReference; lastKnownFileType = file.storyboard; name = Base; path = Base.lproj/Main.storyboard; sourceTree = "<group>"; };
		BE6371711ADDCD330099B910 /* Images.xcassets */ = {isa = PBXFileReference; lastKnownFileType = folder.assetcatalog; path = Images.xcassets; sourceTree = "<group>"; };
		BE6371741ADDCD330099B910 /* Base */ = {isa = PBXFileReference; lastKnownFileType = file.xib; name = Base; path = Base.lproj/LaunchScreen.xib; sourceTree = "<group>"; };
		BE63717A1ADDCD330099B910 /* RGPrivateHeadersTests.xctest */ = {isa = PBXFileReference; explicitFileType = wrapper.cfbundle; includeInIndex = 0; path = RGPrivateHeadersTests.xctest; sourceTree = BUILT_PRODUCTS_DIR; };
		BE63717F1ADDCD330099B910 /* Info.plist */ = {isa = PBXFileReference; lastKnownFileType = text.plist.xml; path = Info.plist; sourceTree = "<group>"; };
		BE6371801ADDCD330099B910 /* RGPrivateHeadersTests.m */ = {isa = PBXFileReference; lastKnownFileType = sourcecode.c.objc; path = RGPrivateHeadersTests.m; sourceTree = "<group>"; };
/* End PBXFileReference section */

/* Begin PBXFrameworksBuildPhase section */
		BE63715E1ADDCD330099B910 /* Frameworks */ = {
			isa = PBXFrameworksBuildPhase;
			buildActionMask = 2147483647;
			files = (
			);
			runOnlyForDeploymentPostprocessing = 0;
		};
		BE6371771ADDCD330099B910 /* Frameworks */ = {
			isa = PBXFrameworksBuildPhase;
			buildActionMask = 2147483647;
			files = (
			);
			runOnlyForDeploymentPostprocessing = 0;
		};
/* End PBXFrameworksBuildPhase section */

/* Begin PBXGroup section */
		BE6371581ADDCD330099B910 = {
			isa = PBXGroup;
			children = (
				BE6371631ADDCD330099B910 /* RGPrivateHeaders */,
				BE63717D1ADDCD330099B910 /* RGPrivateHeadersTests */,
				BE6371621ADDCD330099B910 /* Products */,
			);
			sourceTree = "<group>";
		};
		BE6371621ADDCD330099B910 /* Products */ = {
			isa = PBXGroup;
			children = (
				BE6371611ADDCD330099B910 /* RGPrivateHeaders.app */,
				BE63717A1ADDCD330099B910 /* RGPrivateHeadersTests.xctest */,
			);
			name = Products;
			sourceTree = "<group>";
		};
		BE6371631ADDCD330099B910 /* RGPrivateHeaders */ = {
			isa = PBXGroup;
			children = (
				BE6371681ADDCD330099B910 /* AppDelegate.h */,
				BE6371691ADDCD330099B910 /* AppDelegate.m */,
				BE63716B1ADDCD330099B910 /* ViewController.h */,
				BE63716C1ADDCD330099B910 /* ViewController.m */,
				BE63716E1ADDCD330099B910 /* Main.storyboard */,
				BE6371711ADDCD330099B910 /* Images.xcassets */,
				BE6371731ADDCD330099B910 /* LaunchScreen.xib */,
				BE6371641ADDCD330099B910 /* Supporting Files */,
			);
			path = RGPrivateHeaders;
			sourceTree = "<group>";
		};
		BE6371641ADDCD330099B910 /* Supporting Files */ = {
			isa = PBXGroup;
			children = (
				BE6371651ADDCD330099B910 /* Info.plist */,
				BE6371661ADDCD330099B910 /* main.m */,
			);
			name = "Supporting Files";
			sourceTree = "<group>";
		};
		BE63717D1ADDCD330099B910 /* RGPrivateHeadersTests */ = {
			isa = PBXGroup;
			children = (
				BE6371801ADDCD330099B910 /* RGPrivateHeadersTests.m */,
				BE63717E1ADDCD330099B910 /* Supporting Files */,
			);
			path = RGPrivateHeadersTests;
			sourceTree = "<group>";
		};
		BE63717E1ADDCD330099B910 /* Supporting Files */ = {
			isa = PBXGroup;
			children = (
				BE63717F1ADDCD330099B910 /* Info.plist */,
			);
			name = "Supporting Files";
			sourceTree = "<group>";
		};
/* End PBXGroup section */

/* Begin PBXNativeTarget section */
		BE6371601ADDCD330099B910 /* RGPrivateHeaders */ = {
			isa = PBXNativeTarget;
			buildConfigurationList = BE6371841ADDCD330099B910 /* Build configuration list for PBXNativeTarget "RGPrivateHeaders" */;
			buildPhases = (
				BE63715D1ADDCD330099B910 /* Sources */,
				BE63715E1ADDCD330099B910 /* Frameworks */,
				BE63715F1ADDCD330099B910 /* Resources */,
			);
			buildRules = (
			);
			dependencies = (
			);
			name = RGPrivateHeaders;
			productName = RGPrivateHeaders;
			productReference = BE6371611ADDCD330099B910 /* RGPrivateHeaders.app */;
			productType = "com.apple.product-type.application";
		};
		BE6371791ADDCD330099B910 /* RGPrivateHeadersTests */ = {
			isa = PBXNativeTarget;
			buildConfigurationList = BE6371871ADDCD330099B910 /* Build configuration list for PBXNativeTarget "RGPrivateHeadersTests" */;
			buildPhases = (
				BE6371761ADDCD330099B910 /* Sources */,
				BE6371771ADDCD330099B910 /* Frameworks */,
				BE6371781ADDCD330099B910 /* Resources */,
			);
			buildRules = (
			);
			dependencies = (
				BE63717C1ADDCD330099B910 /* PBXTargetDependency */,
			);
			name = RGPrivateHeadersTests;
			productName = RGPrivateHeadersTests;
			productReference = BE63717A1ADDCD330099B910 /* RGPrivateHeadersTests.xctest */;
			productType = "com.apple.product-type.bundle.unit-test";
		};
/* End PBXNativeTarget section */

/* Begin PBXProject section */
		BE6371591ADDCD330099B910 /* Project object */ = {
			isa = PBXProject;
			attributes = {
				LastUpgradeCheck = 0630;
				ORGANIZATIONNAME = RyanDignard;
				TargetAttributes = {
					BE6371601ADDCD330099B910 = {
						CreatedOnToolsVersion = 6.3;
					};
					BE6371791ADDCD330099B910 = {
						CreatedOnToolsVersion = 6.3;
						TestTargetID = BE6371601ADDCD330099B910;
					};
				};
			};
			buildConfigurationList = BE63715C1ADDCD330099B910 /* Build configuration list for PBXProject "RGPrivateHeaders" */;
			compatibilityVersion = "Xcode 3.2";
			developmentRegion = English;
			hasScannedForEncodings = 0;
			knownRegions = (
				en,
				Base,
			);
			mainGroup = BE6371581ADDCD330099B910;
			productRefGroup = BE6371621ADDCD330099B910 /* Products */;
			projectDirPath = "";
			projectRoot = "";
			targets = (
				BE6371601ADDCD330099B910 /* RGPrivateHeaders */,
				BE6371791ADDCD330099B910 /* RGPrivateHeadersTests */,
			);
		};
/* End PBXProject section */

/* Begin PBXResourcesBuildPhase section */
		BE63715F1ADDCD330099B910 /* Resources */ = {
			isa = PBXResourcesBuildPhase;
			buildActionMask = 2147483647;
			files = (
				BE6371701ADDCD330099B910 /* Main.storyboard in Resources */,
				BE6371751ADDCD330099B910 /* LaunchScreen.xib in Resources */,
				BE6371721ADDCD330099B910 /* Images.xcassets in Resources */,
			);
			runOnlyForDeploymentPostprocessing = 0;
		};
		BE6371781ADDCD330099B910 /* Resources */ = {
			isa = PBXResourcesBuildPhase;
			buildActionMask = 2147483647;
			files = (
			);
			runOnlyForDeploymentPostprocessing = 0;
		};
/* End PBXResourcesBuildPhase section */

/* Begin PBXSourcesBuildPhase section */
		BE63715D1ADDCD330099B910 /* Sources */ = {
			isa = PBXSourcesBuildPhase;
			buildActionMask = 2147483647;
			files = (
				BE63716D1ADDCD330099B910 /* ViewController.m in Sources */,
				BE63716A1ADDCD330099B910 /* AppDelegate.m in Sources */,
				BE6371671ADDCD330099B910 /* main.m in Sources */,
			);
			runOnlyForDeploymentPostprocessing = 0;
		};
		BE6371761ADDCD330099B910 /* Sources */ = {
			isa = PBXSourcesBuildPhase;
			buildActionMask = 2147483647;
			files = (
				BE6371811ADDCD330099B910 /* RGPrivateHeadersTests.m in Sources */,
			);
			runOnlyForDeploymentPostprocessing = 0;
		};
/* End PBXSourcesBuildPhase section */

/* Begin PBXTargetDependency section */
		BE63717C1ADDCD330099B910 /* PBXTargetDependency */ = {
			isa = PBXTargetDependency;
			target = BE6371601ADDCD330099B910 /* RGPrivateHeaders */;
			targetProxy = BE63717B1ADDCD330099B910 /* PBXContainerItemProxy */;
		};
/* End PBXTargetDependency section */

/* Begin PBXVariantGroup section */
		BE63716E1ADDCD330099B910 /* Main.storyboard */ = {
			isa = PBXVariantGroup;
			children = (
				BE63716F1ADDCD330099B910 /* Base */,
			);
			name = Main.storyboard;
			sourceTree = "<group>";
		};
		BE6371731ADDCD330099B910 /* LaunchScreen.xib */ = {
			isa = PBXVariantGroup;
			children = (
				BE6371741ADDCD330099B910 /* Base */,
			);
			name = LaunchScreen.xib;
			sourceTree = "<group>";
		};
/* End PBXVariantGroup section */

/* Begin XCBuildConfiguration section */
		BE6371821ADDCD330099B910 /* Debug */ = {
			isa = XCBuildConfiguration;
			buildSettings = {
				ALWAYS_SEARCH_USER_PATHS = NO;
				CLANG_CXX_LANGUAGE_STANDARD = "gnu++0x";
				CLANG_CXX_LIBRARY = "libc++";
				CLANG_ENABLE_MODULES = YES;
				CLANG_ENABLE_OBJC_ARC = YES;
				CLANG_WARN_BOOL_CONVERSION = YES;
				CLANG_WARN_CONSTANT_CONVERSION = YES;
				CLANG_WARN_DIRECT_OBJC_ISA_USAGE = YES_ERROR;
				CLANG_WARN_EMPTY_BODY = YES;
				CLANG_WARN_ENUM_CONVERSION = YES;
				CLANG_WARN_INT_CONVERSION = YES;
				CLANG_WARN_OBJC_ROOT_CLASS = YES_ERROR;
				CLANG_WARN_UNREACHABLE_CODE = YES;
				CLANG_WARN__DUPLICATE_METHOD_MATCH = YES;
				"CODE_SIGN_IDENTITY[sdk=iphoneos*]" = "iPhone Developer";
				COPY_PHASE_STRIP = NO;
				DEBUG_INFORMATION_FORMAT = "dwarf-with-dsym";
				ENABLE_STRICT_OBJC_MSGSEND = YES;
				GCC_C_LANGUAGE_STANDARD = gnu99;
				GCC_DYNAMIC_NO_PIC = NO;
				GCC_NO_COMMON_BLOCKS = YES;
				GCC_OPTIMIZATION_LEVEL = 0;
				GCC_PREPROCESSOR_DEFINITIONS = (
					"DEBUG=1",
					"$(inherited)",
				);
				GCC_SYMBOLS_PRIVATE_EXTERN = NO;
				GCC_WARN_64_TO_32_BIT_CONVERSION = YES;
				GCC_WARN_ABOUT_RETURN_TYPE = YES_ERROR;
				GCC_WARN_UNDECLARED_SELECTOR = YES;
				GCC_WARN_UNINITIALIZED_AUTOS = YES_AGGRESSIVE;
				GCC_WARN_UNUSED_FUNCTION = YES;
				GCC_WARN_UNUSED_VARIABLE = YES;
				IPHONEOS_DEPLOYMENT_TARGET = 8.3;
				MTL_ENABLE_DEBUG_INFO = YES;
				ONLY_ACTIVE_ARCH = YES;
				SDKROOT = iphoneos;
			};
			name = Debug;
		};
		BE6371831ADDCD330099B910 /* Release */ = {
			isa = XCBuildConfiguration;
			buildSettings = {
				ALWAYS_SEARCH_USER_PATHS = NO;
				CLANG_CXX_LANGUAGE_STANDARD = "gnu++0x";
				CLANG_CXX_LIBRARY = "libc++";
				CLANG_ENABLE_MODULES = YES;
				CLANG_ENABLE_OBJC_ARC = YES;
				CLANG_WARN_BOOL_CONVERSION = YES;
				CLANG_WARN_CONSTANT_CONVERSION = YES;
				CLANG_WARN_DIRECT_OBJC_ISA_USAGE = YES_ERROR;
				CLANG_WARN_EMPTY_BODY = YES;
				CLANG_WARN_ENUM_CONVERSION = YES;
				CLANG_WARN_INT_CONVERSION = YES;
				CLANG_WARN_OBJC_ROOT_CLASS = YES_ERROR;
				CLANG_WARN_UNREACHABLE_CODE = YES;
				CLANG_WARN__DUPLICATE_METHOD_MATCH = YES;
				"CODE_SIGN_IDENTITY[sdk=iphoneos*]" = "iPhone Developer";
				COPY_PHASE_STRIP = NO;
				DEBUG_INFORMATION_FORMAT = "dwarf-with-dsym";
				ENABLE_NS_ASSERTIONS = NO;
				ENABLE_STRICT_OBJC_MSGSEND = YES;
				GCC_C_LANGUAGE_STANDARD = gnu99;
				GCC_NO_COMMON_BLOCKS = YES;
				GCC_WARN_64_TO_32_BIT_CONVERSION = YES;
				GCC_WARN_ABOUT_RETURN_TYPE = YES_ERROR;
				GCC_WARN_UNDECLARED_SELECTOR = YES;
				GCC_WARN_UNINITIALIZED_AUTOS = YES_AGGRESSIVE;
				GCC_WARN_UNUSED_FUNCTION = YES;
				GCC_WARN_UNUSED_VARIABLE = YES;
				IPHONEOS_DEPLOYMENT_TARGET = 8.3;
				MTL_ENABLE_DEBUG_INFO = NO;
				SDKROOT = iphoneos;
				VALIDATE_PRODUCT = YES;
			};
			name = Release;
		};
		BE6371851ADDCD330099B910 /* Debug */ = {
			isa = XCBuildConfiguration;
			buildSettings = {
				ASSETCATALOG_COMPILER_APPICON_NAME = AppIcon;
				INFOPLIST_FILE = RGPrivateHeaders/Info.plist;
				LD_RUNPATH_SEARCH_PATHS = "$(inherited) @executable_path/Frameworks";
				PRODUCT_NAME = "$(TARGET_NAME)";
			};
			name = Debug;
		};
		BE6371861ADDCD330099B910 /* Release */ = {
			isa = XCBuildConfiguration;
			buildSettings = {
				ASSETCATALOG_COMPILER_APPICON_NAME = AppIcon;
				INFOPLIST_FILE = RGPrivateHeaders/Info.plist;
				LD_RUNPATH_SEARCH_PATHS = "$(inherited) @executable_path/Frameworks";
				PRODUCT_NAME = "$(TARGET_NAME)";
			};
			name = Release;
		};
		BE6371881ADDCD330099B910 /* Debug */ = {
			isa = XCBuildConfiguration;
			buildSettings = {
				BUNDLE_LOADER = "$(TEST_HOST)";
				FRAMEWORK_SEARCH_PATHS = (
					"$(SDKROOT)/Developer/Library/Frameworks",
					"$(inherited)",
				);
				GCC_PREPROCESSOR_DEFINITIONS = (
					"DEBUG=1",
					"$(inherited)",
				);
				INFOPLIST_FILE = RGPrivateHeadersTests/Info.plist;
				LD_RUNPATH_SEARCH_PATHS = "$(inherited) @executable_path/Frameworks @loader_path/Frameworks";
				PRODUCT_NAME = "$(TARGET_NAME)";
				TEST_HOST = "$(BUILT_PRODUCTS_DIR)/RGPrivateHeaders.app/RGPrivateHeaders";
			};
			name = Debug;
		};
		BE6371891ADDCD330099B910 /* Release */ = {
			isa = XCBuildConfiguration;
			buildSettings = {
				BUNDLE_LOADER = "$(TEST_HOST)";
				FRAMEWORK_SEARCH_PATHS = (
					"$(SDKROOT)/Developer/Library/Frameworks",
					"$(inherited)",
				);
				INFOPLIST_FILE = RGPrivateHeadersTests/Info.plist;
				LD_RUNPATH_SEARCH_PATHS = "$(inherited) @executable_path/Frameworks @loader_path/Frameworks";
				PRODUCT_NAME = "$(TARGET_NAME)";
				TEST_HOST = "$(BUILT_PRODUCTS_DIR)/RGPrivateHeaders.app/RGPrivateHeaders";
			};
			name = Release;
		};
/* End XCBuildConfiguration section */

/* Begin XCConfigurationList section */
		BE63715C1ADDCD330099B910 /* Build configuration list for PBXProject "RGPrivateHeaders" */ = {
			isa = XCConfigurationList;
			buildConfigurations = (
				BE6371821ADDCD330099B910 /* Debug */,
				BE6371831ADDCD330099B910 /* Release */,
			);
			defaultConfigurationIsVisible = 0;
			defaultConfigurationName = Release;
		};
		BE6371841ADDCD330099B910 /* Build configuration list for PBXNativeTarget "RGPrivateHeaders" */ = {
			isa = XCConfigurationList;
			buildConfigurations = (
				BE6371851ADDCD330099B910 /* Debug */,
				BE6371861ADDCD330099B910 /* Release */,
			);
			defaultConfigurationIsVisible = 0;
		};
		BE6371871ADDCD330099B910 /* Build configuration list for PBXNativeTarget "RGPrivateHeadersTests" */ = {
			isa = XCConfigurationList;
			buildConfigurations = (
				BE6371881ADDCD330099B910 /* Debug */,
				BE6371891ADDCD330099B910 /* Release */,
			);
			defaultConfigurationIsVisible = 0;
		};
/* End XCConfigurationList section */
	};
	rootObject = BE6371591ADDCD330099B910 /* Project object */;
}
